// !$*UTF8*$!
{
	archiveVersion = 1;
	classes = {
	};
	objectVersion = 46;
	objects = {

/* Begin PBXBuildFile section */
		66184D2A1CD2E96C007B63D6 /* Staging Screen – 1@3x.png in Resources */ = {isa = PBXBuildFile; fileRef = 66184D271CD2E96C007B63D6 /* Staging Screen – 1@3x.png */; };
		66184D2B1CD2E96C007B63D6 /* Staging Screen – 2@3x.png in Resources */ = {isa = PBXBuildFile; fileRef = 66184D281CD2E96C007B63D6 /* Staging Screen – 2@3x.png */; };
		66184D2C1CD2E96C007B63D6 /* Staging Screen@3x.png in Resources */ = {isa = PBXBuildFile; fileRef = 66184D291CD2E96C007B63D6 /* Staging Screen@3x.png */; };
		667775741CD3C76100276B13 /* dataModule.swift in Sources */ = {isa = PBXBuildFile; fileRef = 667775731CD3C76100276B13 /* dataModule.swift */; };
		667775781CD3D63800276B13 /* PlayerNamesVC.swift in Sources */ = {isa = PBXBuildFile; fileRef = 667775771CD3D63800276B13 /* PlayerNamesVC.swift */; };
		6677757A1CD3D66A00276B13 /* FirstPlayerVC.swift in Sources */ = {isa = PBXBuildFile; fileRef = 667775791CD3D66A00276B13 /* FirstPlayerVC.swift */; };
		6677757C1CD3D68C00276B13 /* FirstQuestionVC.swift in Sources */ = {isa = PBXBuildFile; fileRef = 6677757B1CD3D68C00276B13 /* FirstQuestionVC.swift */; };
		6677757E1CD3D6AB00276B13 /* SecondPlayerVC.swift in Sources */ = {isa = PBXBuildFile; fileRef = 6677757D1CD3D6AB00276B13 /* SecondPlayerVC.swift */; };
		667775801CD3D6C500276B13 /* SecondQuestionVC.swift in Sources */ = {isa = PBXBuildFile; fileRef = 6677757F1CD3D6C500276B13 /* SecondQuestionVC.swift */; };
		667775821CD3D6DD00276B13 /* ThirdPlayerVC.swift in Sources */ = {isa = PBXBuildFile; fileRef = 667775811CD3D6DD00276B13 /* ThirdPlayerVC.swift */; };
		667775841CD3D6F800276B13 /* ThirdQuestionVC.swift in Sources */ = {isa = PBXBuildFile; fileRef = 667775831CD3D6F800276B13 /* ThirdQuestionVC.swift */; };
		667775861CD3D72100276B13 /* PickAnswerVC.swift in Sources */ = {isa = PBXBuildFile; fileRef = 667775851CD3D72100276B13 /* PickAnswerVC.swift */; };
		667775881CD3D73900276B13 /* PlayerWonVC.swift in Sources */ = {isa = PBXBuildFile; fileRef = 667775871CD3D73900276B13 /* PlayerWonVC.swift */; };
		66D190561CCEC32A0075406D /* AppDelegate.swift in Sources */ = {isa = PBXBuildFile; fileRef = 66D190551CCEC32A0075406D /* AppDelegate.swift */; };
		66D190581CCEC32A0075406D /* ViewController.swift in Sources */ = {isa = PBXBuildFile; fileRef = 66D190571CCEC32A0075406D /* ViewController.swift */; };
		66D1905B1CCEC32A0075406D /* Main.storyboard in Resources */ = {isa = PBXBuildFile; fileRef = 66D190591CCEC32A0075406D /* Main.storyboard */; };
		66D1905D1CCEC32A0075406D /* Assets.xcassets in Resources */ = {isa = PBXBuildFile; fileRef = 66D1905C1CCEC32A0075406D /* Assets.xcassets */; };
		66D190601CCEC32A0075406D /* LaunchScreen.storyboard in Resources */ = {isa = PBXBuildFile; fileRef = 66D1905E1CCEC32A0075406D /* LaunchScreen.storyboard */; };
		66D1906A1CCED27A0075406D /* Start Screen@3x.png in Resources */ = {isa = PBXBuildFile; fileRef = 66D190691CCED27A0075406D /* Start Screen@3x.png */; };
/* End PBXBuildFile section */

/* Begin PBXFileReference section */
		66184D271CD2E96C007B63D6 /* Staging Screen – 1@3x.png */ = {isa = PBXFileReference; lastKnownFileType = image.png; name = "Staging Screen – 1@3x.png"; path = "../../../../../core collab.lab/projects/thinkUp drinkUp/alpha/Staging Screen – 1@3x.png"; sourceTree = "<group>"; };
		66184D281CD2E96C007B63D6 /* Staging Screen – 2@3x.png */ = {isa = PBXFileReference; lastKnownFileType = image.png; name = "Staging Screen – 2@3x.png"; path = "../../../../../core collab.lab/projects/thinkUp drinkUp/alpha/Staging Screen – 2@3x.png"; sourceTree = "<group>"; };
		66184D291CD2E96C007B63D6 /* Staging Screen@3x.png */ = {isa = PBXFileReference; lastKnownFileType = image.png; name = "Staging Screen@3x.png"; path = "../../../../../core collab.lab/projects/thinkUp drinkUp/alpha/Staging Screen@3x.png"; sourceTree = "<group>"; };
		667775731CD3C76100276B13 /* dataModule.swift */ = {isa = PBXFileReference; fileEncoding = 4; lastKnownFileType = sourcecode.swift; path = dataModule.swift; sourceTree = "<group>"; usesTabs = 1; };
		667775771CD3D63800276B13 /* PlayerNamesVC.swift */ = {isa = PBXFileReference; fileEncoding = 4; lastKnownFileType = sourcecode.swift; path = PlayerNamesVC.swift; sourceTree = "<group>"; };
		667775791CD3D66A00276B13 /* FirstPlayerVC.swift */ = {isa = PBXFileReference; fileEncoding = 4; lastKnownFileType = sourcecode.swift; path = FirstPlayerVC.swift; sourceTree = "<group>"; };
		6677757B1CD3D68C00276B13 /* FirstQuestionVC.swift */ = {isa = PBXFileReference; fileEncoding = 4; lastKnownFileType = sourcecode.swift; path = FirstQuestionVC.swift; sourceTree = "<group>"; };
		6677757D1CD3D6AB00276B13 /* SecondPlayerVC.swift */ = {isa = PBXFileReference; fileEncoding = 4; lastKnownFileType = sourcecode.swift; path = SecondPlayerVC.swift; sourceTree = "<group>"; };
		6677757F1CD3D6C500276B13 /* SecondQuestionVC.swift */ = {isa = PBXFileReference; fileEncoding = 4; lastKnownFileType = sourcecode.swift; path = SecondQuestionVC.swift; sourceTree = "<group>"; };
		667775811CD3D6DD00276B13 /* ThirdPlayerVC.swift */ = {isa = PBXFileReference; fileEncoding = 4; lastKnownFileType = sourcecode.swift; path = ThirdPlayerVC.swift; sourceTree = "<group>"; };
		667775831CD3D6F800276B13 /* ThirdQuestionVC.swift */ = {isa = PBXFileReference; fileEncoding = 4; lastKnownFileType = sourcecode.swift; path = ThirdQuestionVC.swift; sourceTree = "<group>"; };
		667775851CD3D72100276B13 /* PickAnswerVC.swift */ = {isa = PBXFileReference; fileEncoding = 4; lastKnownFileType = sourcecode.swift; path = PickAnswerVC.swift; sourceTree = "<group>"; };
		667775871CD3D73900276B13 /* PlayerWonVC.swift */ = {isa = PBXFileReference; fileEncoding = 4; lastKnownFileType = sourcecode.swift; path = PlayerWonVC.swift; sourceTree = "<group>"; };
		66D190521CCEC32A0075406D /* ThinkUp DrinkUp.app */ = {isa = PBXFileReference; explicitFileType = wrapper.application; includeInIndex = 0; path = "ThinkUp DrinkUp.app"; sourceTree = BUILT_PRODUCTS_DIR; };
		66D190551CCEC32A0075406D /* AppDelegate.swift */ = {isa = PBXFileReference; lastKnownFileType = sourcecode.swift; path = AppDelegate.swift; sourceTree = "<group>"; };
		66D190571CCEC32A0075406D /* ViewController.swift */ = {isa = PBXFileReference; lastKnownFileType = sourcecode.swift; path = ViewController.swift; sourceTree = "<group>"; usesTabs = 1; };
		66D1905A1CCEC32A0075406D /* Base */ = {isa = PBXFileReference; lastKnownFileType = file.storyboard; name = Base; path = Base.lproj/Main.storyboard; sourceTree = "<group>"; };
		66D1905C1CCEC32A0075406D /* Assets.xcassets */ = {isa = PBXFileReference; lastKnownFileType = folder.assetcatalog; path = Assets.xcassets; sourceTree = "<group>"; };
		66D1905F1CCEC32A0075406D /* Base */ = {isa = PBXFileReference; lastKnownFileType = file.storyboard; name = Base; path = Base.lproj/LaunchScreen.storyboard; sourceTree = "<group>"; };
		66D190611CCEC32A0075406D /* Info.plist */ = {isa = PBXFileReference; lastKnownFileType = text.plist.xml; path = Info.plist; sourceTree = "<group>"; };
		66D190691CCED27A0075406D /* Start Screen@3x.png */ = {isa = PBXFileReference; lastKnownFileType = image.png; name = "Start Screen@3x.png"; path = "../../../../../core collab.lab/projects/thinkUp drinkUp/alpha/artboards.alpha/screens-3x/Start Screen@3x.png"; sourceTree = "<group>"; };
/* End PBXFileReference section */

/* Begin PBXFrameworksBuildPhase section */
		66D1904F1CCEC32A0075406D /* Frameworks */ = {
			isa = PBXFrameworksBuildPhase;
			buildActionMask = 2147483647;
			files = (
			);
			runOnlyForDeploymentPostprocessing = 0;
		};
/* End PBXFrameworksBuildPhase section */

/* Begin PBXGroup section */
		66D190491CCEC32A0075406D = {
			isa = PBXGroup;
			children = (
				66D190541CCEC32A0075406D /* ThinkUp DrinkUp */,
				66D190531CCEC32A0075406D /* Products */,
			);
			sourceTree = "<group>";
		};
		66D190531CCEC32A0075406D /* Products */ = {
			isa = PBXGroup;
			children = (
				66D190521CCEC32A0075406D /* ThinkUp DrinkUp.app */,
			);
			name = Products;
			sourceTree = "<group>";
		};
		66D190541CCEC32A0075406D /* ThinkUp DrinkUp */ = {
			isa = PBXGroup;
			children = (
				667775771CD3D63800276B13 /* PlayerNamesVC.swift */,
				66D190551CCEC32A0075406D /* AppDelegate.swift */,
				66D190571CCEC32A0075406D /* ViewController.swift */,
				667775731CD3C76100276B13 /* dataModule.swift */,
				66D190591CCEC32A0075406D /* Main.storyboard */,
				667775791CD3D66A00276B13 /* FirstPlayerVC.swift */,
				6677757B1CD3D68C00276B13 /* FirstQuestionVC.swift */,
				6677757D1CD3D6AB00276B13 /* SecondPlayerVC.swift */,
				6677757F1CD3D6C500276B13 /* SecondQuestionVC.swift */,
				667775811CD3D6DD00276B13 /* ThirdPlayerVC.swift */,
				667775831CD3D6F800276B13 /* ThirdQuestionVC.swift */,
				667775851CD3D72100276B13 /* PickAnswerVC.swift */,
				667775871CD3D73900276B13 /* PlayerWonVC.swift */,
				66184D271CD2E96C007B63D6 /* Staging Screen – 1@3x.png */,
				66184D281CD2E96C007B63D6 /* Staging Screen – 2@3x.png */,
				66184D291CD2E96C007B63D6 /* Staging Screen@3x.png */,
				66D1905C1CCEC32A0075406D /* Assets.xcassets */,
				66D190691CCED27A0075406D /* Start Screen@3x.png */,
				66D1905E1CCEC32A0075406D /* LaunchScreen.storyboard */,
				66D190611CCEC32A0075406D /* Info.plist */,
			);
			path = "ThinkUp DrinkUp";
			sourceTree = "<group>";
		};
/* End PBXGroup section */

/* Begin PBXNativeTarget section */
		66D190511CCEC32A0075406D /* ThinkUp DrinkUp */ = {
			isa = PBXNativeTarget;
			buildConfigurationList = 66D190641CCEC32A0075406D /* Build configuration list for PBXNativeTarget "ThinkUp DrinkUp" */;
			buildPhases = (
				66D1904E1CCEC32A0075406D /* Sources */,
				66D1904F1CCEC32A0075406D /* Frameworks */,
				66D190501CCEC32A0075406D /* Resources */,
			);
			buildRules = (
			);
			dependencies = (
			);
			name = "ThinkUp DrinkUp";
			productName = "ThinkUp DrinkUp";
			productReference = 66D190521CCEC32A0075406D /* ThinkUp DrinkUp.app */;
			productType = "com.apple.product-type.application";
		};
/* End PBXNativeTarget section */

/* Begin PBXProject section */
		66D1904A1CCEC32A0075406D /* Project object */ = {
			isa = PBXProject;
			attributes = {
				LastSwiftUpdateCheck = 0730;
				LastUpgradeCheck = 0730;
				ORGANIZATIONNAME = "adam mcbride";
				TargetAttributes = {
					66D190511CCEC32A0075406D = {
						CreatedOnToolsVersion = 7.3;
						DevelopmentTeam = WLN9Y47RDX;
					};
				};
			};
			buildConfigurationList = 66D1904D1CCEC32A0075406D /* Build configuration list for PBXProject "ThinkUp DrinkUp" */;
			compatibilityVersion = "Xcode 3.2";
			developmentRegion = English;
			hasScannedForEncodings = 0;
			knownRegions = (
				en,
				Base,
			);
			mainGroup = 66D190491CCEC32A0075406D;
			productRefGroup = 66D190531CCEC32A0075406D /* Products */;
			projectDirPath = "";
			projectRoot = "";
			targets = (
				66D190511CCEC32A0075406D /* ThinkUp DrinkUp */,
			);
		};
/* End PBXProject section */

/* Begin PBXResourcesBuildPhase section */
		66D190501CCEC32A0075406D /* Resources */ = {
			isa = PBXResourcesBuildPhase;
			buildActionMask = 2147483647;
			files = (
				66184D2A1CD2E96C007B63D6 /* Staging Screen – 1@3x.png in Resources */,
				66184D2B1CD2E96C007B63D6 /* Staging Screen – 2@3x.png in Resources */,
				66D190601CCEC32A0075406D /* LaunchScreen.storyboard in Resources */,
				66D1905D1CCEC32A0075406D /* Assets.xcassets in Resources */,
				66184D2C1CD2E96C007B63D6 /* Staging Screen@3x.png in Resources */,
				66D1905B1CCEC32A0075406D /* Main.storyboard in Resources */,
				66D1906A1CCED27A0075406D /* Start Screen@3x.png in Resources */,
			);
			runOnlyForDeploymentPostprocessing = 0;
		};
/* End PBXResourcesBuildPhase section */

/* Begin PBXSourcesBuildPhase section */
		66D1904E1CCEC32A0075406D /* Sources */ = {
			isa = PBXSourcesBuildPhase;
			buildActionMask = 2147483647;
			files = (
				667775781CD3D63800276B13 /* PlayerNamesVC.swift in Sources */,
				667775861CD3D72100276B13 /* PickAnswerVC.swift in Sources */,
				6677757C1CD3D68C00276B13 /* FirstQuestionVC.swift in Sources */,
				66D190581CCEC32A0075406D /* ViewController.swift in Sources */,
				667775821CD3D6DD00276B13 /* ThirdPlayerVC.swift in Sources */,
				667775841CD3D6F800276B13 /* ThirdQuestionVC.swift in Sources */,
				667775881CD3D73900276B13 /* PlayerWonVC.swift in Sources */,
				6677757A1CD3D66A00276B13 /* FirstPlayerVC.swift in Sources */,
				66D190561CCEC32A0075406D /* AppDelegate.swift in Sources */,
				667775741CD3C76100276B13 /* dataModule.swift in Sources */,
				667775801CD3D6C500276B13 /* SecondQuestionVC.swift in Sources */,
				6677757E1CD3D6AB00276B13 /* SecondPlayerVC.swift in Sources */,
			);
			runOnlyForDeploymentPostprocessing = 0;
		};
/* End PBXSourcesBuildPhase section */

/* Begin PBXVariantGroup section */
		66D190591CCEC32A0075406D /* Main.storyboard */ = {
			isa = PBXVariantGroup;
			children = (
				66D1905A1CCEC32A0075406D /* Base */,
			);
			name = Main.storyboard;
			sourceTree = "<group>";
		};
		66D1905E1CCEC32A0075406D /* LaunchScreen.storyboard */ = {
			isa = PBXVariantGroup;
			children = (
				66D1905F1CCEC32A0075406D /* Base */,
			);
			name = LaunchScreen.storyboard;
			sourceTree = "<group>";
		};
/* End PBXVariantGroup section */

/* Begin XCBuildConfiguration section */
		66D190621CCEC32A0075406D /* Debug */ = {
			isa = XCBuildConfiguration;
			buildSettings = {
				ALWAYS_SEARCH_USER_PATHS = NO;
				CLANG_ANALYZER_NONNULL = YES;
				CLANG_CXX_LANGUAGE_STANDARD = "gnu++0x";
				CLANG_CXX_LIBRARY = "libc++";
				CLANG_ENABLE_MODULES = YES;
				CLANG_ENABLE_OBJC_ARC = YES;
				CLANG_WARN_BOOL_CONVERSION = YES;
				CLANG_WARN_CONSTANT_CONVERSION = YES;
				CLANG_WARN_DIRECT_OBJC_ISA_USAGE = YES_ERROR;
				CLANG_WARN_EMPTY_BODY = YES;
				CLANG_WARN_ENUM_CONVERSION = YES;
				CLANG_WARN_INT_CONVERSION = YES;
				CLANG_WARN_OBJC_ROOT_CLASS = YES_ERROR;
				CLANG_WARN_UNREACHABLE_CODE = YES;
				CLANG_WARN__DUPLICATE_METHOD_MATCH = YES;
				"CODE_SIGN_IDENTITY[sdk=iphoneos*]" = "iPhone Developer";
				COPY_PHASE_STRIP = NO;
				DEBUG_INFORMATION_FORMAT = dwarf;
				ENABLE_STRICT_OBJC_MSGSEND = YES;
				ENABLE_TESTABILITY = YES;
				GCC_C_LANGUAGE_STANDARD = gnu99;
				GCC_DYNAMIC_NO_PIC = NO;
				GCC_NO_COMMON_BLOCKS = YES;
				GCC_OPTIMIZATION_LEVEL = 0;
				GCC_PREPROCESSOR_DEFINITIONS = (
					"DEBUG=1",
					"$(inherited)",
				);
				GCC_WARN_64_TO_32_BIT_CONVERSION = YES;
				GCC_WARN_ABOUT_RETURN_TYPE = YES_ERROR;
				GCC_WARN_UNDECLARED_SELECTOR = YES;
				GCC_WARN_UNINITIALIZED_AUTOS = YES_AGGRESSIVE;
				GCC_WARN_UNUSED_FUNCTION = YES;
				GCC_WARN_UNUSED_VARIABLE = YES;
				IPHONEOS_DEPLOYMENT_TARGET = 9.3;
				MTL_ENABLE_DEBUG_INFO = YES;
				ONLY_ACTIVE_ARCH = YES;
				SDKROOT = iphoneos;
				SWIFT_OPTIMIZATION_LEVEL = "-Onone";
			};
			name = Debug;
		};
		66D190631CCEC32A0075406D /* Release */ = {
			isa = XCBuildConfiguration;
			buildSettings = {
				ALWAYS_SEARCH_USER_PATHS = NO;
				CLANG_ANALYZER_NONNULL = YES;
				CLANG_CXX_LANGUAGE_STANDARD = "gnu++0x";
				CLANG_CXX_LIBRARY = "libc++";
				CLANG_ENABLE_MODULES = YES;
				CLANG_ENABLE_OBJC_ARC = YES;
				CLANG_WARN_BOOL_CONVERSION = YES;
				CLANG_WARN_CONSTANT_CONVERSION = YES;
				CLANG_WARN_DIRECT_OBJC_ISA_USAGE = YES_ERROR;
				CLANG_WARN_EMPTY_BODY = YES;
				CLANG_WARN_ENUM_CONVERSION = YES;
				CLANG_WARN_INT_CONVERSION = YES;
				CLANG_WARN_OBJC_ROOT_CLASS = YES_ERROR;
				CLANG_WARN_UNREACHABLE_CODE = YES;
				CLANG_WARN__DUPLICATE_METHOD_MATCH = YES;
				"CODE_SIGN_IDENTITY[sdk=iphoneos*]" = "iPhone Developer";
				COPY_PHASE_STRIP = NO;
				DEBUG_INFORMATION_FORMAT = "dwarf-with-dsym";
				ENABLE_NS_ASSERTIONS = NO;
				ENABLE_STRICT_OBJC_MSGSEND = YES;
				GCC_C_LANGUAGE_STANDARD = gnu99;
				GCC_NO_COMMON_BLOCKS = YES;
				GCC_WARN_64_TO_32_BIT_CONVERSION = YES;
				GCC_WARN_ABOUT_RETURN_TYPE = YES_ERROR;
				GCC_WARN_UNDECLARED_SELECTOR = YES;
				GCC_WARN_UNINITIALIZED_AUTOS = YES_AGGRESSIVE;
				GCC_WARN_UNUSED_FUNCTION = YES;
				GCC_WARN_UNUSED_VARIABLE = YES;
				IPHONEOS_DEPLOYMENT_TARGET = 9.3;
				MTL_ENABLE_DEBUG_INFO = NO;
				SDKROOT = iphoneos;
				VALIDATE_PRODUCT = YES;
			};
			name = Release;
		};
		66D190651CCEC32A0075406D /* Debug */ = {
			isa = XCBuildConfiguration;
			buildSettings = {
				ASSETCATALOG_COMPILER_APPICON_NAME = AppIcon;
				CODE_SIGN_IDENTITY = "iPhone Developer";
				INFOPLIST_FILE = "ThinkUp DrinkUp/Info.plist";
				LD_RUNPATH_SEARCH_PATHS = "$(inherited) @executable_path/Frameworks";
				PRODUCT_BUNDLE_IDENTIFIER = "me.adammcbride.ThinkUp-DrinkUp";
				PRODUCT_NAME = "$(TARGET_NAME)";
			};
			name = Debug;
		};
		66D190661CCEC32A0075406D /* Release */ = {
			isa = XCBuildConfiguration;
			buildSettings = {
				ASSETCATALOG_COMPILER_APPICON_NAME = AppIcon;
				CODE_SIGN_IDENTITY = "iPhone Developer";
				INFOPLIST_FILE = "ThinkUp DrinkUp/Info.plist";
				LD_RUNPATH_SEARCH_PATHS = "$(inherited) @executable_path/Frameworks";
				PRODUCT_BUNDLE_IDENTIFIER = "me.adammcbride.ThinkUp-DrinkUp";
				PRODUCT_NAME = "$(TARGET_NAME)";
			};
			name = Release;
		};
/* End XCBuildConfiguration section */

/* Begin XCConfigurationList section */
		66D1904D1CCEC32A0075406D /* Build configuration list for PBXProject "ThinkUp DrinkUp" */ = {
			isa = XCConfigurationList;
			buildConfigurations = (
				66D190621CCEC32A0075406D /* Debug */,
				66D190631CCEC32A0075406D /* Release */,
			);
			defaultConfigurationIsVisible = 0;
			defaultConfigurationName = Release;
		};
		66D190641CCEC32A0075406D /* Build configuration list for PBXNativeTarget "ThinkUp DrinkUp" */ = {
			isa = XCConfigurationList;
			buildConfigurations = (
				66D190651CCEC32A0075406D /* Debug */,
				66D190661CCEC32A0075406D /* Release */,
			);
			defaultConfigurationIsVisible = 0;
			defaultConfigurationName = Release;
		};
/* End XCConfigurationList section */
	};
	rootObject = 66D1904A1CCEC32A0075406D /* Project object */;
}
