// !$*UTF8*$!
{
	archiveVersion = 1;
	classes = {
	};
	objectVersion = 46;
	objects = {

/* Begin PBXBuildFile section */
		660DD4011CDD07200037DA55 /* AnswerPickerVC.swift in Sources */ = {isa = PBXBuildFile; fileRef = 660DD4001CDD07200037DA55 /* AnswerPickerVC.swift */; };
		660DD4031CDD095A0037DA55 /* CongratulationsScreenVC.swift in Sources */ = {isa = PBXBuildFile; fileRef = 660DD4021CDD095A0037DA55 /* CongratulationsScreenVC.swift */; };
		660EA5AB1CDDB37400B09285 /* ThinkUp-DrinkUpLaunch-Screen.png in Resources */ = {isa = PBXBuildFile; fileRef = 660EA5AA1CDDB37400B09285 /* ThinkUp-DrinkUpLaunch-Screen.png */; };
		660EA5AD1CDDB42300B09285 /* ThinkUp-DrinkUpInstructions-Screen.png in Resources */ = {isa = PBXBuildFile; fileRef = 660EA5AC1CDDB42300B09285 /* ThinkUp-DrinkUpInstructions-Screen.png */; };
		660EA5AF1CDDB79800B09285 /* ThinkUp-DrinkUpPlayer-Names.png in Resources */ = {isa = PBXBuildFile; fileRef = 660EA5AE1CDDB79800B09285 /* ThinkUp-DrinkUpPlayer-Names.png */; };
		660EA5B11CDDB8F000B09285 /* ThinkUp-DrinkUpStaging-Screen-1.png in Resources */ = {isa = PBXBuildFile; fileRef = 660EA5B01CDDB8F000B09285 /* ThinkUp-DrinkUpStaging-Screen-1.png */; };
		660EA5B31CDDB99F00B09285 /* ThinkUp-DrinkUpQuestion-Screen-1.png in Resources */ = {isa = PBXBuildFile; fileRef = 660EA5B21CDDB99F00B09285 /* ThinkUp-DrinkUpQuestion-Screen-1.png */; };
		660EA5B51CDDCE6000B09285 /* ThinkUp-DrinkUpAnswer-Picker-Screen.png in Resources */ = {isa = PBXBuildFile; fileRef = 660EA5B41CDDCE6000B09285 /* ThinkUp-DrinkUpAnswer-Picker-Screen.png */; };
		660EA5BD1CDDD35200B09285 /* ThinkUp-DrinkUpCongratulations-Screen.png in Resources */ = {isa = PBXBuildFile; fileRef = 660EA5BC1CDDD35200B09285 /* ThinkUp-DrinkUpCongratulations-Screen.png */; };
		6638B0D01CD7EBCE0079CC92 /* AppDelegate.swift in Sources */ = {isa = PBXBuildFile; fileRef = 6638B0CF1CD7EBCE0079CC92 /* AppDelegate.swift */; };
		6638B0D21CD7EBCE0079CC92 /* ViewController.swift in Sources */ = {isa = PBXBuildFile; fileRef = 6638B0D11CD7EBCE0079CC92 /* ViewController.swift */; };
		6638B0D51CD7EBCE0079CC92 /* Main.storyboard in Resources */ = {isa = PBXBuildFile; fileRef = 6638B0D31CD7EBCE0079CC92 /* Main.storyboard */; };
		6638B0D71CD7EBCE0079CC92 /* Assets.xcassets in Resources */ = {isa = PBXBuildFile; fileRef = 6638B0D61CD7EBCE0079CC92 /* Assets.xcassets */; };
		6638B0DA1CD7EBCE0079CC92 /* LaunchScreen.storyboard in Resources */ = {isa = PBXBuildFile; fileRef = 6638B0D81CD7EBCE0079CC92 /* LaunchScreen.storyboard */; };
		6638B0E41CD7FFDA0079CC92 /* PlayerNamesVC.swift in Sources */ = {isa = PBXBuildFile; fileRef = 6638B0E31CD7FFDA0079CC92 /* PlayerNamesVC.swift */; };
		6638B0E61CD803ED0079CC92 /* FirstPlayerStageVC.swift in Sources */ = {isa = PBXBuildFile; fileRef = 6638B0E51CD803ED0079CC92 /* FirstPlayerStageVC.swift */; };
		6638B0EC1CD804E30079CC92 /* DataModule.swift in Sources */ = {isa = PBXBuildFile; fileRef = 6638B0EB1CD804E30079CC92 /* DataModule.swift */; };
		6638B0EE1CD8064C0079CC92 /* FirstPlayerQuestionVC.swift in Sources */ = {isa = PBXBuildFile; fileRef = 6638B0ED1CD8064C0079CC92 /* FirstPlayerQuestionVC.swift */; };
		6638B0F01CD807B90079CC92 /* SecondPlayerStageVC.swift in Sources */ = {isa = PBXBuildFile; fileRef = 6638B0EF1CD807B90079CC92 /* SecondPlayerStageVC.swift */; };
		6638B0F21CD8089C0079CC92 /* SecondPlayerQuestionVC.swift in Sources */ = {isa = PBXBuildFile; fileRef = 6638B0F11CD8089C0079CC92 /* SecondPlayerQuestionVC.swift */; };
		66B97E831CDCF77D00E876D1 /* ThirdPlayerStageVC.swift in Sources */ = {isa = PBXBuildFile; fileRef = 66B97E821CDCF77D00E876D1 /* ThirdPlayerStageVC.swift */; };
		66B97E851CDCFB1F00E876D1 /* ThirdPlayerQuestionVC.swift in Sources */ = {isa = PBXBuildFile; fileRef = 66B97E841CDCFB1F00E876D1 /* ThirdPlayerQuestionVC.swift */; };
/* End PBXBuildFile section */

/* Begin PBXFileReference section */
		660DD4001CDD07200037DA55 /* AnswerPickerVC.swift */ = {isa = PBXFileReference; fileEncoding = 4; lastKnownFileType = sourcecode.swift; path = AnswerPickerVC.swift; sourceTree = "<group>"; };
		660DD4021CDD095A0037DA55 /* CongratulationsScreenVC.swift */ = {isa = PBXFileReference; fileEncoding = 4; lastKnownFileType = sourcecode.swift; path = CongratulationsScreenVC.swift; sourceTree = "<group>"; };
		660EA5AA1CDDB37400B09285 /* ThinkUp-DrinkUpLaunch-Screen.png */ = {isa = PBXFileReference; lastKnownFileType = image.png; name = "ThinkUp-DrinkUpLaunch-Screen.png"; path = "../../../../core collab.lab/projects/thinkUp drinkUp/final comps/ThinkUp-DrinkUpLaunch-Screen.png"; sourceTree = "<group>"; };
		660EA5AC1CDDB42300B09285 /* ThinkUp-DrinkUpInstructions-Screen.png */ = {isa = PBXFileReference; lastKnownFileType = image.png; name = "ThinkUp-DrinkUpInstructions-Screen.png"; path = "../../../../core collab.lab/projects/thinkUp drinkUp/final comps/ThinkUp-DrinkUpInstructions-Screen.png"; sourceTree = "<group>"; };
		660EA5AE1CDDB79800B09285 /* ThinkUp-DrinkUpPlayer-Names.png */ = {isa = PBXFileReference; lastKnownFileType = image.png; name = "ThinkUp-DrinkUpPlayer-Names.png"; path = "../../../../core collab.lab/projects/thinkUp drinkUp/final comps/ThinkUp-DrinkUpPlayer-Names.png"; sourceTree = "<group>"; };
		660EA5B01CDDB8F000B09285 /* ThinkUp-DrinkUpStaging-Screen-1.png */ = {isa = PBXFileReference; lastKnownFileType = image.png; name = "ThinkUp-DrinkUpStaging-Screen-1.png"; path = "../../../../core collab.lab/projects/thinkUp drinkUp/final comps/ThinkUp-DrinkUpStaging-Screen-1.png"; sourceTree = "<group>"; };
		660EA5B21CDDB99F00B09285 /* ThinkUp-DrinkUpQuestion-Screen-1.png */ = {isa = PBXFileReference; lastKnownFileType = image.png; name = "ThinkUp-DrinkUpQuestion-Screen-1.png"; path = "../../../../core collab.lab/projects/thinkUp drinkUp/final comps/ThinkUp-DrinkUpQuestion-Screen-1.png"; sourceTree = "<group>"; };
		660EA5B41CDDCE6000B09285 /* ThinkUp-DrinkUpAnswer-Picker-Screen.png */ = {isa = PBXFileReference; lastKnownFileType = image.png; name = "ThinkUp-DrinkUpAnswer-Picker-Screen.png"; path = "../../../../core collab.lab/projects/thinkUp drinkUp/final comps/ThinkUp-DrinkUpAnswer-Picker-Screen.png"; sourceTree = "<group>"; };
		660EA5BC1CDDD35200B09285 /* ThinkUp-DrinkUpCongratulations-Screen.png */ = {isa = PBXFileReference; lastKnownFileType = image.png; path = "ThinkUp-DrinkUpCongratulations-Screen.png"; sourceTree = "<group>"; };
		6638B0CC1CD7EBCD0079CC92 /* ThinkUp DrinkUp.app */ = {isa = PBXFileReference; explicitFileType = wrapper.application; includeInIndex = 0; path = "ThinkUp DrinkUp.app"; sourceTree = BUILT_PRODUCTS_DIR; };
		6638B0CF1CD7EBCE0079CC92 /* AppDelegate.swift */ = {isa = PBXFileReference; lastKnownFileType = sourcecode.swift; path = AppDelegate.swift; sourceTree = "<group>"; };
		6638B0D11CD7EBCE0079CC92 /* ViewController.swift */ = {isa = PBXFileReference; lastKnownFileType = sourcecode.swift; path = ViewController.swift; sourceTree = "<group>"; };
		6638B0D41CD7EBCE0079CC92 /* Base */ = {isa = PBXFileReference; lastKnownFileType = file.storyboard; name = Base; path = Base.lproj/Main.storyboard; sourceTree = "<group>"; };
		6638B0D61CD7EBCE0079CC92 /* Assets.xcassets */ = {isa = PBXFileReference; lastKnownFileType = folder.assetcatalog; path = Assets.xcassets; sourceTree = "<group>"; };
		6638B0D91CD7EBCE0079CC92 /* Base */ = {isa = PBXFileReference; lastKnownFileType = file.storyboard; name = Base; path = Base.lproj/LaunchScreen.storyboard; sourceTree = "<group>"; };
		6638B0DB1CD7EBCE0079CC92 /* Info.plist */ = {isa = PBXFileReference; lastKnownFileType = text.plist.xml; path = Info.plist; sourceTree = "<group>"; };
		6638B0E31CD7FFDA0079CC92 /* PlayerNamesVC.swift */ = {isa = PBXFileReference; fileEncoding = 4; lastKnownFileType = sourcecode.swift; path = PlayerNamesVC.swift; sourceTree = "<group>"; };
		6638B0E51CD803ED0079CC92 /* FirstPlayerStageVC.swift */ = {isa = PBXFileReference; fileEncoding = 4; lastKnownFileType = sourcecode.swift; path = FirstPlayerStageVC.swift; sourceTree = "<group>"; };
		6638B0EB1CD804E30079CC92 /* DataModule.swift */ = {isa = PBXFileReference; fileEncoding = 4; lastKnownFileType = sourcecode.swift; path = DataModule.swift; sourceTree = "<group>"; };
		6638B0ED1CD8064C0079CC92 /* FirstPlayerQuestionVC.swift */ = {isa = PBXFileReference; fileEncoding = 4; lastKnownFileType = sourcecode.swift; path = FirstPlayerQuestionVC.swift; sourceTree = "<group>"; };
		6638B0EF1CD807B90079CC92 /* SecondPlayerStageVC.swift */ = {isa = PBXFileReference; fileEncoding = 4; lastKnownFileType = sourcecode.swift; path = SecondPlayerStageVC.swift; sourceTree = "<group>"; };
		6638B0F11CD8089C0079CC92 /* SecondPlayerQuestionVC.swift */ = {isa = PBXFileReference; fileEncoding = 4; lastKnownFileType = sourcecode.swift; path = SecondPlayerQuestionVC.swift; sourceTree = "<group>"; };
		66B97E821CDCF77D00E876D1 /* ThirdPlayerStageVC.swift */ = {isa = PBXFileReference; fileEncoding = 4; lastKnownFileType = sourcecode.swift; path = ThirdPlayerStageVC.swift; sourceTree = "<group>"; };
		66B97E841CDCFB1F00E876D1 /* ThirdPlayerQuestionVC.swift */ = {isa = PBXFileReference; fileEncoding = 4; lastKnownFileType = sourcecode.swift; path = ThirdPlayerQuestionVC.swift; sourceTree = "<group>"; };
/* End PBXFileReference section */

/* Begin PBXFrameworksBuildPhase section */
		6638B0C91CD7EBCD0079CC92 /* Frameworks */ = {
			isa = PBXFrameworksBuildPhase;
			buildActionMask = 2147483647;
			files = (
			);
			runOnlyForDeploymentPostprocessing = 0;
		};
/* End PBXFrameworksBuildPhase section */

/* Begin PBXGroup section */
		6638B0C31CD7EBCD0079CC92 = {
			isa = PBXGroup;
			children = (
				6638B0CE1CD7EBCE0079CC92 /* ThinkUp DrinkUp */,
				6638B0CD1CD7EBCD0079CC92 /* Products */,
			);
			sourceTree = "<group>";
		};
		6638B0CD1CD7EBCD0079CC92 /* Products */ = {
			isa = PBXGroup;
			children = (
				6638B0CC1CD7EBCD0079CC92 /* ThinkUp DrinkUp.app */,
			);
			name = Products;
			sourceTree = "<group>";
		};
		6638B0CE1CD7EBCE0079CC92 /* ThinkUp DrinkUp */ = {
			isa = PBXGroup;
			children = (
				6638B0EB1CD804E30079CC92 /* DataModule.swift */,
				6638B0CF1CD7EBCE0079CC92 /* AppDelegate.swift */,
				6638B0D11CD7EBCE0079CC92 /* ViewController.swift */,
				6638B0E31CD7FFDA0079CC92 /* PlayerNamesVC.swift */,
				6638B0E51CD803ED0079CC92 /* FirstPlayerStageVC.swift */,
				6638B0ED1CD8064C0079CC92 /* FirstPlayerQuestionVC.swift */,
				660EA5BC1CDDD35200B09285 /* ThinkUp-DrinkUpCongratulations-Screen.png */,
				6638B0D31CD7EBCE0079CC92 /* Main.storyboard */,
				660EA5B41CDDCE6000B09285 /* ThinkUp-DrinkUpAnswer-Picker-Screen.png */,
				660EA5B21CDDB99F00B09285 /* ThinkUp-DrinkUpQuestion-Screen-1.png */,
				660EA5B01CDDB8F000B09285 /* ThinkUp-DrinkUpStaging-Screen-1.png */,
				660EA5AE1CDDB79800B09285 /* ThinkUp-DrinkUpPlayer-Names.png */,
				660EA5AC1CDDB42300B09285 /* ThinkUp-DrinkUpInstructions-Screen.png */,
				660DD4021CDD095A0037DA55 /* CongratulationsScreenVC.swift */,
				660DD4001CDD07200037DA55 /* AnswerPickerVC.swift */,
				66B97E841CDCFB1F00E876D1 /* ThirdPlayerQuestionVC.swift */,
				66B97E821CDCF77D00E876D1 /* ThirdPlayerStageVC.swift */,
				6638B0F11CD8089C0079CC92 /* SecondPlayerQuestionVC.swift */,
				6638B0EF1CD807B90079CC92 /* SecondPlayerStageVC.swift */,
				6638B0D61CD7EBCE0079CC92 /* Assets.xcassets */,
				6638B0D81CD7EBCE0079CC92 /* LaunchScreen.storyboard */,
				660EA5AA1CDDB37400B09285 /* ThinkUp-DrinkUpLaunch-Screen.png */,
				6638B0DB1CD7EBCE0079CC92 /* Info.plist */,
			);
			path = "ThinkUp DrinkUp";
			sourceTree = "<group>";
		};
/* End PBXGroup section */

/* Begin PBXNativeTarget section */
		6638B0CB1CD7EBCD0079CC92 /* ThinkUp DrinkUp */ = {
			isa = PBXNativeTarget;
			buildConfigurationList = 6638B0DE1CD7EBCE0079CC92 /* Build configuration list for PBXNativeTarget "ThinkUp DrinkUp" */;
			buildPhases = (
				6638B0C81CD7EBCD0079CC92 /* Sources */,
				6638B0C91CD7EBCD0079CC92 /* Frameworks */,
				6638B0CA1CD7EBCD0079CC92 /* Resources */,
			);
			buildRules = (
			);
			dependencies = (
			);
			name = "ThinkUp DrinkUp";
			productName = "ThinkUp DrinkUp";
			productReference = 6638B0CC1CD7EBCD0079CC92 /* ThinkUp DrinkUp.app */;
			productType = "com.apple.product-type.application";
		};
/* End PBXNativeTarget section */

/* Begin PBXProject section */
		6638B0C41CD7EBCD0079CC92 /* Project object */ = {
			isa = PBXProject;
			attributes = {
				LastSwiftUpdateCheck = 0730;
				LastUpgradeCheck = 0730;
				ORGANIZATIONNAME = "adam mcbride";
				TargetAttributes = {
					6638B0CB1CD7EBCD0079CC92 = {
						CreatedOnToolsVersion = 7.3;
						DevelopmentTeam = WLN9Y47RDX;
					};
				};
			};
			buildConfigurationList = 6638B0C71CD7EBCD0079CC92 /* Build configuration list for PBXProject "ThinkUp DrinkUp" */;
			compatibilityVersion = "Xcode 3.2";
			developmentRegion = English;
			hasScannedForEncodings = 0;
			knownRegions = (
				en,
				Base,
			);
			mainGroup = 6638B0C31CD7EBCD0079CC92;
			productRefGroup = 6638B0CD1CD7EBCD0079CC92 /* Products */;
			projectDirPath = "";
			projectRoot = "";
			targets = (
				6638B0CB1CD7EBCD0079CC92 /* ThinkUp DrinkUp */,
			);
		};
/* End PBXProject section */

/* Begin PBXResourcesBuildPhase section */
		6638B0CA1CD7EBCD0079CC92 /* Resources */ = {
			isa = PBXResourcesBuildPhase;
			buildActionMask = 2147483647;
			files = (
				660EA5BD1CDDD35200B09285 /* ThinkUp-DrinkUpCongratulations-Screen.png in Resources */,
				6638B0DA1CD7EBCE0079CC92 /* LaunchScreen.storyboard in Resources */,
				6638B0D71CD7EBCE0079CC92 /* Assets.xcassets in Resources */,
				660EA5AF1CDDB79800B09285 /* ThinkUp-DrinkUpPlayer-Names.png in Resources */,
				660EA5B11CDDB8F000B09285 /* ThinkUp-DrinkUpStaging-Screen-1.png in Resources */,
				660EA5AD1CDDB42300B09285 /* ThinkUp-DrinkUpInstructions-Screen.png in Resources */,
				660EA5B51CDDCE6000B09285 /* ThinkUp-DrinkUpAnswer-Picker-Screen.png in Resources */,
				660EA5B31CDDB99F00B09285 /* ThinkUp-DrinkUpQuestion-Screen-1.png in Resources */,
				660EA5AB1CDDB37400B09285 /* ThinkUp-DrinkUpLaunch-Screen.png in Resources */,
				6638B0D51CD7EBCE0079CC92 /* Main.storyboard in Resources */,
			);
			runOnlyForDeploymentPostprocessing = 0;
		};
/* End PBXResourcesBuildPhase section */

/* Begin PBXSourcesBuildPhase section */
		6638B0C81CD7EBCD0079CC92 /* Sources */ = {
			isa = PBXSourcesBuildPhase;
			buildActionMask = 2147483647;
			files = (
				6638B0F01CD807B90079CC92 /* SecondPlayerStageVC.swift in Sources */,
				6638B0F21CD8089C0079CC92 /* SecondPlayerQuestionVC.swift in Sources */,
				6638B0D21CD7EBCE0079CC92 /* ViewController.swift in Sources */,
				6638B0E61CD803ED0079CC92 /* FirstPlayerStageVC.swift in Sources */,
				66B97E831CDCF77D00E876D1 /* ThirdPlayerStageVC.swift in Sources */,
				6638B0D01CD7EBCE0079CC92 /* AppDelegate.swift in Sources */,
				660DD4031CDD095A0037DA55 /* CongratulationsScreenVC.swift in Sources */,
				6638B0EC1CD804E30079CC92 /* DataModule.swift in Sources */,
				6638B0EE1CD8064C0079CC92 /* FirstPlayerQuestionVC.swift in Sources */,
				6638B0E41CD7FFDA0079CC92 /* PlayerNamesVC.swift in Sources */,
				66B97E851CDCFB1F00E876D1 /* ThirdPlayerQuestionVC.swift in Sources */,
				660DD4011CDD07200037DA55 /* AnswerPickerVC.swift in Sources */,
			);
			runOnlyForDeploymentPostprocessing = 0;
		};
/* End PBXSourcesBuildPhase section */

/* Begin PBXVariantGroup section */
		6638B0D31CD7EBCE0079CC92 /* Main.storyboard */ = {
			isa = PBXVariantGroup;
			children = (
				6638B0D41CD7EBCE0079CC92 /* Base */,
			);
			name = Main.storyboard;
			sourceTree = "<group>";
		};
		6638B0D81CD7EBCE0079CC92 /* LaunchScreen.storyboard */ = {
			isa = PBXVariantGroup;
			children = (
				6638B0D91CD7EBCE0079CC92 /* Base */,
			);
			name = LaunchScreen.storyboard;
			sourceTree = "<group>";
		};
/* End PBXVariantGroup section */

/* Begin XCBuildConfiguration section */
		6638B0DC1CD7EBCE0079CC92 /* Debug */ = {
			isa = XCBuildConfiguration;
			buildSettings = {
				ALWAYS_SEARCH_USER_PATHS = NO;
				CLANG_ANALYZER_NONNULL = YES;
				CLANG_CXX_LANGUAGE_STANDARD = "gnu++0x";
				CLANG_CXX_LIBRARY = "libc++";
				CLANG_ENABLE_MODULES = YES;
				CLANG_ENABLE_OBJC_ARC = YES;
				CLANG_WARN_BOOL_CONVERSION = YES;
				CLANG_WARN_CONSTANT_CONVERSION = YES;
				CLANG_WARN_DIRECT_OBJC_ISA_USAGE = YES_ERROR;
				CLANG_WARN_EMPTY_BODY = YES;
				CLANG_WARN_ENUM_CONVERSION = YES;
				CLANG_WARN_INT_CONVERSION = YES;
				CLANG_WARN_OBJC_ROOT_CLASS = YES_ERROR;
				CLANG_WARN_UNREACHABLE_CODE = YES;
				CLANG_WARN__DUPLICATE_METHOD_MATCH = YES;
				"CODE_SIGN_IDENTITY[sdk=iphoneos*]" = "iPhone Developer";
				COPY_PHASE_STRIP = NO;
				DEBUG_INFORMATION_FORMAT = dwarf;
				ENABLE_STRICT_OBJC_MSGSEND = YES;
				ENABLE_TESTABILITY = YES;
				GCC_C_LANGUAGE_STANDARD = gnu99;
				GCC_DYNAMIC_NO_PIC = NO;
				GCC_NO_COMMON_BLOCKS = YES;
				GCC_OPTIMIZATION_LEVEL = 0;
				GCC_PREPROCESSOR_DEFINITIONS = (
					"DEBUG=1",
					"$(inherited)",
				);
				GCC_WARN_64_TO_32_BIT_CONVERSION = YES;
				GCC_WARN_ABOUT_RETURN_TYPE = YES_ERROR;
				GCC_WARN_UNDECLARED_SELECTOR = YES;
				GCC_WARN_UNINITIALIZED_AUTOS = YES_AGGRESSIVE;
				GCC_WARN_UNUSED_FUNCTION = YES;
				GCC_WARN_UNUSED_VARIABLE = YES;
				IPHONEOS_DEPLOYMENT_TARGET = 9.3;
				MTL_ENABLE_DEBUG_INFO = YES;
				ONLY_ACTIVE_ARCH = YES;
				SDKROOT = iphoneos;
				SWIFT_OPTIMIZATION_LEVEL = "-Onone";
			};
			name = Debug;
		};
		6638B0DD1CD7EBCE0079CC92 /* Release */ = {
			isa = XCBuildConfiguration;
			buildSettings = {
				ALWAYS_SEARCH_USER_PATHS = NO;
				CLANG_ANALYZER_NONNULL = YES;
				CLANG_CXX_LANGUAGE_STANDARD = "gnu++0x";
				CLANG_CXX_LIBRARY = "libc++";
				CLANG_ENABLE_MODULES = YES;
				CLANG_ENABLE_OBJC_ARC = YES;
				CLANG_WARN_BOOL_CONVERSION = YES;
				CLANG_WARN_CONSTANT_CONVERSION = YES;
				CLANG_WARN_DIRECT_OBJC_ISA_USAGE = YES_ERROR;
				CLANG_WARN_EMPTY_BODY = YES;
				CLANG_WARN_ENUM_CONVERSION = YES;
				CLANG_WARN_INT_CONVERSION = YES;
				CLANG_WARN_OBJC_ROOT_CLASS = YES_ERROR;
				CLANG_WARN_UNREACHABLE_CODE = YES;
				CLANG_WARN__DUPLICATE_METHOD_MATCH = YES;
				"CODE_SIGN_IDENTITY[sdk=iphoneos*]" = "iPhone Developer";
				COPY_PHASE_STRIP = NO;
				DEBUG_INFORMATION_FORMAT = "dwarf-with-dsym";
				ENABLE_NS_ASSERTIONS = NO;
				ENABLE_STRICT_OBJC_MSGSEND = YES;
				GCC_C_LANGUAGE_STANDARD = gnu99;
				GCC_NO_COMMON_BLOCKS = YES;
				GCC_WARN_64_TO_32_BIT_CONVERSION = YES;
				GCC_WARN_ABOUT_RETURN_TYPE = YES_ERROR;
				GCC_WARN_UNDECLARED_SELECTOR = YES;
				GCC_WARN_UNINITIALIZED_AUTOS = YES_AGGRESSIVE;
				GCC_WARN_UNUSED_FUNCTION = YES;
				GCC_WARN_UNUSED_VARIABLE = YES;
				IPHONEOS_DEPLOYMENT_TARGET = 9.3;
				MTL_ENABLE_DEBUG_INFO = NO;
				SDKROOT = iphoneos;
				VALIDATE_PRODUCT = YES;
			};
			name = Release;
		};
		6638B0DF1CD7EBCE0079CC92 /* Debug */ = {
			isa = XCBuildConfiguration;
			buildSettings = {
				ASSETCATALOG_COMPILER_APPICON_NAME = AppIcon;
				CODE_SIGN_IDENTITY = "iPhone Developer";
				INFOPLIST_FILE = "ThinkUp DrinkUp/Info.plist";
				LD_RUNPATH_SEARCH_PATHS = "$(inherited) @executable_path/Frameworks";
				PRODUCT_BUNDLE_IDENTIFIER = "me.adammcbride.ThinkUp-DrinkUp";
				PRODUCT_NAME = "$(TARGET_NAME)";
			};
			name = Debug;
		};
		6638B0E01CD7EBCE0079CC92 /* Release */ = {
			isa = XCBuildConfiguration;
			buildSettings = {
				ASSETCATALOG_COMPILER_APPICON_NAME = AppIcon;
				CODE_SIGN_IDENTITY = "iPhone Developer";
				INFOPLIST_FILE = "ThinkUp DrinkUp/Info.plist";
				LD_RUNPATH_SEARCH_PATHS = "$(inherited) @executable_path/Frameworks";
				PRODUCT_BUNDLE_IDENTIFIER = "me.adammcbride.ThinkUp-DrinkUp";
				PRODUCT_NAME = "$(TARGET_NAME)";
			};
			name = Release;
		};
/* End XCBuildConfiguration section */

/* Begin XCConfigurationList section */
		6638B0C71CD7EBCD0079CC92 /* Build configuration list for PBXProject "ThinkUp DrinkUp" */ = {
			isa = XCConfigurationList;
			buildConfigurations = (
				6638B0DC1CD7EBCE0079CC92 /* Debug */,
				6638B0DD1CD7EBCE0079CC92 /* Release */,
			);
			defaultConfigurationIsVisible = 0;
			defaultConfigurationName = Release;
		};
		6638B0DE1CD7EBCE0079CC92 /* Build configuration list for PBXNativeTarget "ThinkUp DrinkUp" */ = {
			isa = XCConfigurationList;
			buildConfigurations = (
				6638B0DF1CD7EBCE0079CC92 /* Debug */,
				6638B0E01CD7EBCE0079CC92 /* Release */,
			);
			defaultConfigurationIsVisible = 0;
			defaultConfigurationName = Release;
		};
/* End XCConfigurationList section */
	};
	rootObject = 6638B0C41CD7EBCD0079CC92 /* Project object */;
}
